// !$*UTF8*$!
{
	archiveVersion = 1;
	classes = {
	};
	objectVersion = 50;
	objects = {

/* Begin PBXBuildFile section */
		45F82175335E683D317222E4 /* Pods_fosdem.framework in Frameworks */ = {isa = PBXBuildFile; fileRef = E0281843DAF4A83055EF3F25 /* Pods_fosdem.framework */; };
		75FACA35EB4CCDF745BD7AD8 /* Pods_fosdemUITests.framework in Frameworks */ = {isa = PBXBuildFile; fileRef = 861E6776CAC558404783E17B /* Pods_fosdemUITests.framework */; };
		8A65B9E420CC747800552D85 /* AppDelegate.swift in Sources */ = {isa = PBXBuildFile; fileRef = 8A65B9E320CC747800552D85 /* AppDelegate.swift */; };
		8A65B9E620CC747800552D85 /* ItineraryController.swift in Sources */ = {isa = PBXBuildFile; fileRef = 8A65B9E520CC747800552D85 /* ItineraryController.swift */; };
		8A65B9E820CC747800552D85 /* TracksController.swift in Sources */ = {isa = PBXBuildFile; fileRef = 8A65B9E720CC747800552D85 /* TracksController.swift */; };
		8A65B9EB20CC747800552D85 /* Main.storyboard in Resources */ = {isa = PBXBuildFile; fileRef = 8A65B9E920CC747800552D85 /* Main.storyboard */; };
		8A65B9ED20CC747A00552D85 /* Assets.xcassets in Resources */ = {isa = PBXBuildFile; fileRef = 8A65B9EC20CC747A00552D85 /* Assets.xcassets */; };
		8A65B9F020CC747A00552D85 /* LaunchScreen.storyboard in Resources */ = {isa = PBXBuildFile; fileRef = 8A65B9EE20CC747A00552D85 /* LaunchScreen.storyboard */; };
		8A65B9FB20CC747A00552D85 /* fosdemTests.swift in Sources */ = {isa = PBXBuildFile; fileRef = 8A65B9FA20CC747A00552D85 /* fosdemTests.swift */; };
		8A65BA0620CC747A00552D85 /* fosdemUITests.swift in Sources */ = {isa = PBXBuildFile; fileRef = 8A65BA0520CC747A00552D85 /* fosdemUITests.swift */; };
		8A65BA1A20CD5DBF00552D85 /* DataReader.swift in Sources */ = {isa = PBXBuildFile; fileRef = 8A65BA1920CD5DBF00552D85 /* DataReader.swift */; };
		8A65BA1B20CD5DBF00552D85 /* DataReader.swift in Sources */ = {isa = PBXBuildFile; fileRef = 8A65BA1920CD5DBF00552D85 /* DataReader.swift */; };
		8A65BA1D20CD5E7B00552D85 /* Talk.swift in Sources */ = {isa = PBXBuildFile; fileRef = 8A65BA1C20CD5E7B00552D85 /* Talk.swift */; };
		8A65BA1E20CD5E7B00552D85 /* Talk.swift in Sources */ = {isa = PBXBuildFile; fileRef = 8A65BA1C20CD5E7B00552D85 /* Talk.swift */; };
		8A65BA2E20CDC24800552D85 /* XMLDataReader.swift in Sources */ = {isa = PBXBuildFile; fileRef = 8A65BA2D20CDC24800552D85 /* XMLDataReader.swift */; };
		8A65BA3320D6B07400552D85 /* ScheduleParser.swift in Sources */ = {isa = PBXBuildFile; fileRef = 8A65BA3220D6B07400552D85 /* ScheduleParser.swift */; };
		8A65BA3920D6B9F600552D85 /* DependecyFactory.swift in Sources */ = {isa = PBXBuildFile; fileRef = 8A65BA3820D6B9F600552D85 /* DependecyFactory.swift */; };
		8A65BA3C20D83B8F00552D85 /* DependencyConfig.swift in Sources */ = {isa = PBXBuildFile; fileRef = 8A65BA3B20D83B8F00552D85 /* DependencyConfig.swift */; };
		8AA2D57F2163F4380032AB23 /* Schedule.swift in Sources */ = {isa = PBXBuildFile; fileRef = 8AA2D57E2163F4380032AB23 /* Schedule.swift */; };
		8AC4709E21721836001577B9 /* 2018.xml in Resources */ = {isa = PBXBuildFile; fileRef = 8AC4709D21721836001577B9 /* 2018.xml */; };
		F237F7D8C61A71C64669B9FE /* Pods_fosdemTests.framework in Frameworks */ = {isa = PBXBuildFile; fileRef = B8FC5F99583F8914D29A8A42 /* Pods_fosdemTests.framework */; };
/* End PBXBuildFile section */

/* Begin PBXContainerItemProxy section */
		8A65B9F720CC747A00552D85 /* PBXContainerItemProxy */ = {
			isa = PBXContainerItemProxy;
			containerPortal = 8A65B9D820CC747700552D85 /* Project object */;
			proxyType = 1;
			remoteGlobalIDString = 8A65B9DF20CC747700552D85;
			remoteInfo = fosdem;
		};
		8A65BA0220CC747A00552D85 /* PBXContainerItemProxy */ = {
			isa = PBXContainerItemProxy;
			containerPortal = 8A65B9D820CC747700552D85 /* Project object */;
			proxyType = 1;
			remoteGlobalIDString = 8A65B9DF20CC747700552D85;
			remoteInfo = fosdem;
		};
/* End PBXContainerItemProxy section */

/* Begin PBXFileReference section */
		5AA53B8576BEBDD18A56C73C /* Pods-fosdem.debug.xcconfig */ = {isa = PBXFileReference; includeInIndex = 1; lastKnownFileType = text.xcconfig; name = "Pods-fosdem.debug.xcconfig"; path = "Pods/Target Support Files/Pods-fosdem/Pods-fosdem.debug.xcconfig"; sourceTree = "<group>"; };
		63FE2379C2D3F7D161506283 /* Pods-fosdemTests.release.xcconfig */ = {isa = PBXFileReference; includeInIndex = 1; lastKnownFileType = text.xcconfig; name = "Pods-fosdemTests.release.xcconfig"; path = "Pods/Target Support Files/Pods-fosdemTests/Pods-fosdemTests.release.xcconfig"; sourceTree = "<group>"; };
		861E6776CAC558404783E17B /* Pods_fosdemUITests.framework */ = {isa = PBXFileReference; explicitFileType = wrapper.framework; includeInIndex = 0; path = Pods_fosdemUITests.framework; sourceTree = BUILT_PRODUCTS_DIR; };
		8A65B9E020CC747700552D85 /* fosdem.app */ = {isa = PBXFileReference; explicitFileType = wrapper.application; includeInIndex = 0; path = fosdem.app; sourceTree = BUILT_PRODUCTS_DIR; };
		8A65B9E320CC747800552D85 /* AppDelegate.swift */ = {isa = PBXFileReference; lastKnownFileType = sourcecode.swift; path = AppDelegate.swift; sourceTree = "<group>"; };
		8A65B9E520CC747800552D85 /* ItineraryController.swift */ = {isa = PBXFileReference; lastKnownFileType = sourcecode.swift; path = ItineraryController.swift; sourceTree = "<group>"; };
		8A65B9E720CC747800552D85 /* TracksController.swift */ = {isa = PBXFileReference; lastKnownFileType = sourcecode.swift; path = TracksController.swift; sourceTree = "<group>"; };
		8A65B9EA20CC747800552D85 /* Base */ = {isa = PBXFileReference; lastKnownFileType = file.storyboard; name = Base; path = Base.lproj/Main.storyboard; sourceTree = "<group>"; };
		8A65B9EC20CC747A00552D85 /* Assets.xcassets */ = {isa = PBXFileReference; lastKnownFileType = folder.assetcatalog; path = Assets.xcassets; sourceTree = "<group>"; };
		8A65B9EF20CC747A00552D85 /* Base */ = {isa = PBXFileReference; lastKnownFileType = file.storyboard; name = Base; path = Base.lproj/LaunchScreen.storyboard; sourceTree = "<group>"; };
		8A65B9F120CC747A00552D85 /* Info.plist */ = {isa = PBXFileReference; lastKnownFileType = text.plist.xml; path = Info.plist; sourceTree = "<group>"; };
		8A65B9F620CC747A00552D85 /* fosdemTests.xctest */ = {isa = PBXFileReference; explicitFileType = wrapper.cfbundle; includeInIndex = 0; path = fosdemTests.xctest; sourceTree = BUILT_PRODUCTS_DIR; };
		8A65B9FA20CC747A00552D85 /* fosdemTests.swift */ = {isa = PBXFileReference; lastKnownFileType = sourcecode.swift; path = fosdemTests.swift; sourceTree = "<group>"; };
		8A65B9FC20CC747A00552D85 /* Info.plist */ = {isa = PBXFileReference; lastKnownFileType = text.plist.xml; path = Info.plist; sourceTree = "<group>"; };
		8A65BA0120CC747A00552D85 /* fosdemUITests.xctest */ = {isa = PBXFileReference; explicitFileType = wrapper.cfbundle; includeInIndex = 0; path = fosdemUITests.xctest; sourceTree = BUILT_PRODUCTS_DIR; };
		8A65BA0520CC747A00552D85 /* fosdemUITests.swift */ = {isa = PBXFileReference; lastKnownFileType = sourcecode.swift; path = fosdemUITests.swift; sourceTree = "<group>"; };
		8A65BA0720CC747A00552D85 /* Info.plist */ = {isa = PBXFileReference; lastKnownFileType = text.plist.xml; path = Info.plist; sourceTree = "<group>"; };
		8A65BA1920CD5DBF00552D85 /* DataReader.swift */ = {isa = PBXFileReference; lastKnownFileType = sourcecode.swift; path = DataReader.swift; sourceTree = "<group>"; };
		8A65BA1C20CD5E7B00552D85 /* Talk.swift */ = {isa = PBXFileReference; lastKnownFileType = sourcecode.swift; path = Talk.swift; sourceTree = "<group>"; };
		8A65BA2D20CDC24800552D85 /* XMLDataReader.swift */ = {isa = PBXFileReference; lastKnownFileType = sourcecode.swift; name = XMLDataReader.swift; path = Fosdem/DataReader/XMLDataReader.swift; sourceTree = SOURCE_ROOT; };
		8A65BA3220D6B07400552D85 /* ScheduleParser.swift */ = {isa = PBXFileReference; lastKnownFileType = sourcecode.swift; name = ScheduleParser.swift; path = Fosdem/DataReader/parser/ScheduleParser.swift; sourceTree = SOURCE_ROOT; };
		8A65BA3820D6B9F600552D85 /* DependecyFactory.swift */ = {isa = PBXFileReference; lastKnownFileType = sourcecode.swift; path = DependecyFactory.swift; sourceTree = "<group>"; };
		8A65BA3B20D83B8F00552D85 /* DependencyConfig.swift */ = {isa = PBXFileReference; lastKnownFileType = sourcecode.swift; name = DependencyConfig.swift; path = "Fosdem/dependency-management/DependencyConfig.swift"; sourceTree = SOURCE_ROOT; };
		8AA2D57E2163F4380032AB23 /* Schedule.swift */ = {isa = PBXFileReference; lastKnownFileType = sourcecode.swift; name = Schedule.swift; path = Fosdem/Models/Schedule.swift; sourceTree = SOURCE_ROOT; };
		8AC4709D21721836001577B9 /* 2018.xml */ = {isa = PBXFileReference; fileEncoding = 4; lastKnownFileType = text.xml; name = 2018.xml; path = Fosdem/Assets/Schedule/2018.xml; sourceTree = SOURCE_ROOT; };
		B8FC5F99583F8914D29A8A42 /* Pods_fosdemTests.framework */ = {isa = PBXFileReference; explicitFileType = wrapper.framework; includeInIndex = 0; path = Pods_fosdemTests.framework; sourceTree = BUILT_PRODUCTS_DIR; };
		D913E268EDDB23913AF9E178 /* Pods-fosdemTests.debug.xcconfig */ = {isa = PBXFileReference; includeInIndex = 1; lastKnownFileType = text.xcconfig; name = "Pods-fosdemTests.debug.xcconfig"; path = "Pods/Target Support Files/Pods-fosdemTests/Pods-fosdemTests.debug.xcconfig"; sourceTree = "<group>"; };
		E0281843DAF4A83055EF3F25 /* Pods_fosdem.framework */ = {isa = PBXFileReference; explicitFileType = wrapper.framework; includeInIndex = 0; path = Pods_fosdem.framework; sourceTree = BUILT_PRODUCTS_DIR; };
		E1AAD3D25496BB86B66E1814 /* Pods-fosdemUITests.release.xcconfig */ = {isa = PBXFileReference; includeInIndex = 1; lastKnownFileType = text.xcconfig; name = "Pods-fosdemUITests.release.xcconfig"; path = "Pods/Target Support Files/Pods-fosdemUITests/Pods-fosdemUITests.release.xcconfig"; sourceTree = "<group>"; };
		EF6BF638AC644CA3C19BCD9A /* Pods-fosdem.release.xcconfig */ = {isa = PBXFileReference; includeInIndex = 1; lastKnownFileType = text.xcconfig; name = "Pods-fosdem.release.xcconfig"; path = "Pods/Target Support Files/Pods-fosdem/Pods-fosdem.release.xcconfig"; sourceTree = "<group>"; };
		F3237D951382D7386CCD1E03 /* Pods-fosdemUITests.debug.xcconfig */ = {isa = PBXFileReference; includeInIndex = 1; lastKnownFileType = text.xcconfig; name = "Pods-fosdemUITests.debug.xcconfig"; path = "Pods/Target Support Files/Pods-fosdemUITests/Pods-fosdemUITests.debug.xcconfig"; sourceTree = "<group>"; };
/* End PBXFileReference section */

/* Begin PBXFrameworksBuildPhase section */
		8A65B9DD20CC747700552D85 /* Frameworks */ = {
			isa = PBXFrameworksBuildPhase;
			buildActionMask = 2147483647;
			files = (
				45F82175335E683D317222E4 /* Pods_fosdem.framework in Frameworks */,
			);
			runOnlyForDeploymentPostprocessing = 0;
		};
		8A65B9F320CC747A00552D85 /* Frameworks */ = {
			isa = PBXFrameworksBuildPhase;
			buildActionMask = 2147483647;
			files = (
				F237F7D8C61A71C64669B9FE /* Pods_fosdemTests.framework in Frameworks */,
			);
			runOnlyForDeploymentPostprocessing = 0;
		};
		8A65B9FE20CC747A00552D85 /* Frameworks */ = {
			isa = PBXFrameworksBuildPhase;
			buildActionMask = 2147483647;
			files = (
				75FACA35EB4CCDF745BD7AD8 /* Pods_fosdemUITests.framework in Frameworks */,
			);
			runOnlyForDeploymentPostprocessing = 0;
		};
/* End PBXFrameworksBuildPhase section */

/* Begin PBXGroup section */
		658C351BBADFC55A16BCD035 /* Pods */ = {
			isa = PBXGroup;
			children = (
				5AA53B8576BEBDD18A56C73C /* Pods-fosdem.debug.xcconfig */,
				EF6BF638AC644CA3C19BCD9A /* Pods-fosdem.release.xcconfig */,
				D913E268EDDB23913AF9E178 /* Pods-fosdemTests.debug.xcconfig */,
				63FE2379C2D3F7D161506283 /* Pods-fosdemTests.release.xcconfig */,
				F3237D951382D7386CCD1E03 /* Pods-fosdemUITests.debug.xcconfig */,
				E1AAD3D25496BB86B66E1814 /* Pods-fosdemUITests.release.xcconfig */,
			);
			name = Pods;
			sourceTree = "<group>";
		};
		8A65B9D720CC747700552D85 = {
			isa = PBXGroup;
			children = (
				8A65B9E220CC747700552D85 /* fosdem */,
				8A65B9F920CC747A00552D85 /* fosdemTests */,
				8A65BA0420CC747A00552D85 /* fosdemUITests */,
				8A65B9E120CC747700552D85 /* Products */,
				658C351BBADFC55A16BCD035 /* Pods */,
				DF34150A346C62A28E6B894B /* Frameworks */,
			);
			sourceTree = "<group>";
		};
		8A65B9E120CC747700552D85 /* Products */ = {
			isa = PBXGroup;
			children = (
				8A65B9E020CC747700552D85 /* fosdem.app */,
				8A65B9F620CC747A00552D85 /* fosdemTests.xctest */,
				8A65BA0120CC747A00552D85 /* fosdemUITests.xctest */,
			);
			name = Products;
			sourceTree = "<group>";
		};
		8A65B9E220CC747700552D85 /* fosdem */ = {
			isa = PBXGroup;
			children = (
				8A65BA3420D6B38600552D85 /* Assets */,
				8A65BA1820CD5D9000552D85 /* DataReader */,
				8A65BA1720CD5BB400552D85 /* Views */,
				8A65BA1620CD5B9D00552D85 /* Models */,
				8A65BA1520CD5B8800552D85 /* Controllers */,
				8A65B9E320CC747800552D85 /* AppDelegate.swift */,
				8A65B9EC20CC747A00552D85 /* Assets.xcassets */,
				8A65B9F120CC747A00552D85 /* Info.plist */,
				8A65BA3A20D83B5E00552D85 /* dependency-management */,
			);
			path = fosdem;
			sourceTree = "<group>";
		};
		8A65B9F920CC747A00552D85 /* fosdemTests */ = {
			isa = PBXGroup;
			children = (
				8A65B9FA20CC747A00552D85 /* fosdemTests.swift */,
				8A65B9FC20CC747A00552D85 /* Info.plist */,
			);
			path = fosdemTests;
			sourceTree = "<group>";
		};
		8A65BA0420CC747A00552D85 /* fosdemUITests */ = {
			isa = PBXGroup;
			children = (
				8A65BA0520CC747A00552D85 /* fosdemUITests.swift */,
				8A65BA0720CC747A00552D85 /* Info.plist */,
			);
			path = fosdemUITests;
			sourceTree = "<group>";
		};
		8A65BA1520CD5B8800552D85 /* Controllers */ = {
			isa = PBXGroup;
			children = (
				8AA2D57B2163EEC70032AB23 /* Cells */,
				8A65B9E720CC747800552D85 /* TracksController.swift */,
				8A65B9E520CC747800552D85 /* ItineraryController.swift */,
			);
			path = Controllers;
			sourceTree = "<group>";
		};
		8A65BA1620CD5B9D00552D85 /* Models */ = {
			isa = PBXGroup;
			children = (
				8A65BA1C20CD5E7B00552D85 /* Talk.swift */,
				8AA2D57E2163F4380032AB23 /* Schedule.swift */,
			);
			path = Models;
			sourceTree = "<group>";
		};
		8A65BA1720CD5BB400552D85 /* Views */ = {
			isa = PBXGroup;
			children = (
				8A65B9E920CC747800552D85 /* Main.storyboard */,
				8A65B9EE20CC747A00552D85 /* LaunchScreen.storyboard */,
			);
			path = Views;
			sourceTree = "<group>";
		};
		8A65BA1820CD5D9000552D85 /* DataReader */ = {
			isa = PBXGroup;
			children = (
				8A65BA2F20D6AFF200552D85 /* parser */,
				8A65BA1920CD5DBF00552D85 /* DataReader.swift */,
				8A65BA2D20CDC24800552D85 /* XMLDataReader.swift */,
			);
			path = DataReader;
			sourceTree = "<group>";
		};
		8A65BA2F20D6AFF200552D85 /* parser */ = {
			isa = PBXGroup;
			children = (
				8A65BA3220D6B07400552D85 /* ScheduleParser.swift */,
			);
			path = parser;
			sourceTree = "<group>";
		};
		8A65BA3420D6B38600552D85 /* Assets */ = {
			isa = PBXGroup;
			children = (
				8A65BA3520D6B39300552D85 /* Schedule */,
			);
			path = Assets;
			sourceTree = "<group>";
		};
		8A65BA3520D6B39300552D85 /* Schedule */ = {
			isa = PBXGroup;
			children = (
				8AC4709D21721836001577B9 /* 2018.xml */,
			);
			path = Schedule;
			sourceTree = "<group>";
		};
		8A65BA3A20D83B5E00552D85 /* dependency-management */ = {
			isa = PBXGroup;
			children = (
				8A65BA3820D6B9F600552D85 /* DependecyFactory.swift */,
				8A65BA3B20D83B8F00552D85 /* DependencyConfig.swift */,
			);
			path = "dependency-management";
			sourceTree = "<group>";
		};
		8AA2D57B2163EEC70032AB23 /* Cells */ = {
			isa = PBXGroup;
			children = (
			);
			path = Cells;
			sourceTree = "<group>";
		};
		DF34150A346C62A28E6B894B /* Frameworks */ = {
			isa = PBXGroup;
			children = (
				E0281843DAF4A83055EF3F25 /* Pods_fosdem.framework */,
				B8FC5F99583F8914D29A8A42 /* Pods_fosdemTests.framework */,
				861E6776CAC558404783E17B /* Pods_fosdemUITests.framework */,
			);
			name = Frameworks;
			sourceTree = "<group>";
		};
/* End PBXGroup section */

/* Begin PBXNativeTarget section */
		8A65B9DF20CC747700552D85 /* fosdem */ = {
			isa = PBXNativeTarget;
			buildConfigurationList = 8A65BA0A20CC747A00552D85 /* Build configuration list for PBXNativeTarget "fosdem" */;
			buildPhases = (
				4BC3A36F751C960B390EE9BC /* [CP] Check Pods Manifest.lock */,
				8A65B9DC20CC747700552D85 /* Sources */,
				8A65B9DD20CC747700552D85 /* Frameworks */,
				8A65B9DE20CC747700552D85 /* Resources */,
				8A65BA1420CC824C00552D85 /* ShellScript */,
				D74674910C304C33DD33DFAE /* [CP] Embed Pods Frameworks */,
			);
			buildRules = (
			);
			dependencies = (
			);
			name = fosdem;
			productName = fosdem;
			productReference = 8A65B9E020CC747700552D85 /* fosdem.app */;
			productType = "com.apple.product-type.application";
		};
		8A65B9F520CC747A00552D85 /* fosdemTests */ = {
			isa = PBXNativeTarget;
			buildConfigurationList = 8A65BA0D20CC747A00552D85 /* Build configuration list for PBXNativeTarget "fosdemTests" */;
			buildPhases = (
				787335379DBE6C05DF6D297D /* [CP] Check Pods Manifest.lock */,
				8A65B9F220CC747A00552D85 /* Sources */,
				8A65B9F320CC747A00552D85 /* Frameworks */,
				8A65B9F420CC747A00552D85 /* Resources */,
			);
			buildRules = (
			);
			dependencies = (
				8A65B9F820CC747A00552D85 /* PBXTargetDependency */,
			);
			name = fosdemTests;
			productName = fosdemTests;
			productReference = 8A65B9F620CC747A00552D85 /* fosdemTests.xctest */;
			productType = "com.apple.product-type.bundle.unit-test";
		};
		8A65BA0020CC747A00552D85 /* fosdemUITests */ = {
			isa = PBXNativeTarget;
			buildConfigurationList = 8A65BA1020CC747A00552D85 /* Build configuration list for PBXNativeTarget "fosdemUITests" */;
			buildPhases = (
				6E14D15AB0E4605B27C7EA4C /* [CP] Check Pods Manifest.lock */,
				8A65B9FD20CC747A00552D85 /* Sources */,
				8A65B9FE20CC747A00552D85 /* Frameworks */,
				8A65B9FF20CC747A00552D85 /* Resources */,
			);
			buildRules = (
			);
			dependencies = (
				8A65BA0320CC747A00552D85 /* PBXTargetDependency */,
			);
			name = fosdemUITests;
			productName = fosdemUITests;
			productReference = 8A65BA0120CC747A00552D85 /* fosdemUITests.xctest */;
			productType = "com.apple.product-type.bundle.ui-testing";
		};
/* End PBXNativeTarget section */

/* Begin PBXProject section */
		8A65B9D820CC747700552D85 /* Project object */ = {
			isa = PBXProject;
			attributes = {
				LastSwiftUpdateCheck = 1000;
				LastUpgradeCheck = 1000;
				ORGANIZATIONNAME = Hbrinj;
				TargetAttributes = {
					8A65B9DF20CC747700552D85 = {
						CreatedOnToolsVersion = 10.0;
					};
					8A65B9F520CC747A00552D85 = {
						CreatedOnToolsVersion = 10.0;
						TestTargetID = 8A65B9DF20CC747700552D85;
					};
					8A65BA0020CC747A00552D85 = {
						CreatedOnToolsVersion = 10.0;
						TestTargetID = 8A65B9DF20CC747700552D85;
					};
				};
			};
			buildConfigurationList = 8A65B9DB20CC747700552D85 /* Build configuration list for PBXProject "fosdem" */;
			compatibilityVersion = "Xcode 9.3";
			developmentRegion = en;
			hasScannedForEncodings = 0;
			knownRegions = (
				en,
				Base,
			);
			mainGroup = 8A65B9D720CC747700552D85;
			productRefGroup = 8A65B9E120CC747700552D85 /* Products */;
			projectDirPath = "";
			projectRoot = "";
			targets = (
				8A65B9DF20CC747700552D85 /* fosdem */,
				8A65B9F520CC747A00552D85 /* fosdemTests */,
				8A65BA0020CC747A00552D85 /* fosdemUITests */,
			);
		};
/* End PBXProject section */

/* Begin PBXResourcesBuildPhase section */
		8A65B9DE20CC747700552D85 /* Resources */ = {
			isa = PBXResourcesBuildPhase;
			buildActionMask = 2147483647;
			files = (
				8A65B9F020CC747A00552D85 /* LaunchScreen.storyboard in Resources */,
				8A65B9ED20CC747A00552D85 /* Assets.xcassets in Resources */,
				8AC4709E21721836001577B9 /* 2018.xml in Resources */,
				8A65B9EB20CC747800552D85 /* Main.storyboard in Resources */,
			);
			runOnlyForDeploymentPostprocessing = 0;
		};
		8A65B9F420CC747A00552D85 /* Resources */ = {
			isa = PBXResourcesBuildPhase;
			buildActionMask = 2147483647;
			files = (
			);
			runOnlyForDeploymentPostprocessing = 0;
		};
		8A65B9FF20CC747A00552D85 /* Resources */ = {
			isa = PBXResourcesBuildPhase;
			buildActionMask = 2147483647;
			files = (
			);
			runOnlyForDeploymentPostprocessing = 0;
		};
/* End PBXResourcesBuildPhase section */

/* Begin PBXShellScriptBuildPhase section */
		4BC3A36F751C960B390EE9BC /* [CP] Check Pods Manifest.lock */ = {
			isa = PBXShellScriptBuildPhase;
			buildActionMask = 2147483647;
			files = (
			);
			inputPaths = (
				"${PODS_PODFILE_DIR_PATH}/Podfile.lock",
				"${PODS_ROOT}/Manifest.lock",
			);
			name = "[CP] Check Pods Manifest.lock";
			outputPaths = (
				"$(DERIVED_FILE_DIR)/Pods-fosdem-checkManifestLockResult.txt",
			);
			runOnlyForDeploymentPostprocessing = 0;
			shellPath = /bin/sh;
			shellScript = "diff \"${PODS_PODFILE_DIR_PATH}/Podfile.lock\" \"${PODS_ROOT}/Manifest.lock\" > /dev/null\nif [ $? != 0 ] ; then\n    # print error to STDERR\n    echo \"error: The sandbox is not in sync with the Podfile.lock. Run 'pod install' or update your CocoaPods installation.\" >&2\n    exit 1\nfi\n# This output is used by Xcode 'outputs' to avoid re-running this script phase.\necho \"SUCCESS\" > \"${SCRIPT_OUTPUT_FILE_0}\"\n";
			showEnvVarsInLog = 0;
		};
		6E14D15AB0E4605B27C7EA4C /* [CP] Check Pods Manifest.lock */ = {
			isa = PBXShellScriptBuildPhase;
			buildActionMask = 2147483647;
			files = (
			);
			inputPaths = (
				"${PODS_PODFILE_DIR_PATH}/Podfile.lock",
				"${PODS_ROOT}/Manifest.lock",
			);
			name = "[CP] Check Pods Manifest.lock";
			outputPaths = (
				"$(DERIVED_FILE_DIR)/Pods-fosdemUITests-checkManifestLockResult.txt",
			);
			runOnlyForDeploymentPostprocessing = 0;
			shellPath = /bin/sh;
			shellScript = "diff \"${PODS_PODFILE_DIR_PATH}/Podfile.lock\" \"${PODS_ROOT}/Manifest.lock\" > /dev/null\nif [ $? != 0 ] ; then\n    # print error to STDERR\n    echo \"error: The sandbox is not in sync with the Podfile.lock. Run 'pod install' or update your CocoaPods installation.\" >&2\n    exit 1\nfi\n# This output is used by Xcode 'outputs' to avoid re-running this script phase.\necho \"SUCCESS\" > \"${SCRIPT_OUTPUT_FILE_0}\"\n";
			showEnvVarsInLog = 0;
		};
		787335379DBE6C05DF6D297D /* [CP] Check Pods Manifest.lock */ = {
			isa = PBXShellScriptBuildPhase;
			buildActionMask = 2147483647;
			files = (
			);
			inputPaths = (
				"${PODS_PODFILE_DIR_PATH}/Podfile.lock",
				"${PODS_ROOT}/Manifest.lock",
			);
			name = "[CP] Check Pods Manifest.lock";
			outputPaths = (
				"$(DERIVED_FILE_DIR)/Pods-fosdemTests-checkManifestLockResult.txt",
			);
			runOnlyForDeploymentPostprocessing = 0;
			shellPath = /bin/sh;
			shellScript = "diff \"${PODS_PODFILE_DIR_PATH}/Podfile.lock\" \"${PODS_ROOT}/Manifest.lock\" > /dev/null\nif [ $? != 0 ] ; then\n    # print error to STDERR\n    echo \"error: The sandbox is not in sync with the Podfile.lock. Run 'pod install' or update your CocoaPods installation.\" >&2\n    exit 1\nfi\n# This output is used by Xcode 'outputs' to avoid re-running this script phase.\necho \"SUCCESS\" > \"${SCRIPT_OUTPUT_FILE_0}\"\n";
			showEnvVarsInLog = 0;
		};
		8A65BA1420CC824C00552D85 /* ShellScript */ = {
			isa = PBXShellScriptBuildPhase;
			buildActionMask = 2147483647;
			files = (
			);
			inputPaths = (
			);
			outputPaths = (
			);
			runOnlyForDeploymentPostprocessing = 0;
			shellPath = /bin/bash;
			shellScript = "TAGS=\"TODO:|FIXME:\"\necho \"searching ${SRCROOT} for ${TAGS}\"\nfind \"${SRCROOT}\" \\( -name \"*.swift\" \\) -print0 \\\n    | xargs -0 egrep --with-filename --line-number --only-matching \"($TAGS).*\\$\" \\\n    | perl -p -e \"s/($TAGS)/ warning: \\$1/\"\n";
		};
		D74674910C304C33DD33DFAE /* [CP] Embed Pods Frameworks */ = {
			isa = PBXShellScriptBuildPhase;
			buildActionMask = 2147483647;
			files = (
			);
			inputPaths = (
				"${SRCROOT}/Pods/Target Support Files/Pods-fosdem/Pods-fosdem-frameworks.sh",
				"${BUILT_PRODUCTS_DIR}/SwiftyXMLParser/SwiftyXMLParser.framework",
			);
			name = "[CP] Embed Pods Frameworks";
			outputPaths = (
				"${TARGET_BUILD_DIR}/${FRAMEWORKS_FOLDER_PATH}/SwiftyXMLParser.framework",
			);
			runOnlyForDeploymentPostprocessing = 0;
			shellPath = /bin/sh;
			shellScript = "\"${SRCROOT}/Pods/Target Support Files/Pods-fosdem/Pods-fosdem-frameworks.sh\"\n";
			showEnvVarsInLog = 0;
		};
/* End PBXShellScriptBuildPhase section */

/* Begin PBXSourcesBuildPhase section */
		8A65B9DC20CC747700552D85 /* Sources */ = {
			isa = PBXSourcesBuildPhase;
			buildActionMask = 2147483647;
			files = (
				8A65BA3320D6B07400552D85 /* ScheduleParser.swift in Sources */,
				8A65BA1A20CD5DBF00552D85 /* DataReader.swift in Sources */,
				8AA2D57F2163F4380032AB23 /* Schedule.swift in Sources */,
				8A65B9E820CC747800552D85 /* TracksController.swift in Sources */,
				8A65BA2E20CDC24800552D85 /* XMLDataReader.swift in Sources */,
				8A65BA1D20CD5E7B00552D85 /* Talk.swift in Sources */,
				8A65BA3C20D83B8F00552D85 /* DependencyConfig.swift in Sources */,
				8A65BA3920D6B9F600552D85 /* DependecyFactory.swift in Sources */,
				8A65B9E420CC747800552D85 /* AppDelegate.swift in Sources */,
				8A65B9E620CC747800552D85 /* ItineraryController.swift in Sources */,
			);
			runOnlyForDeploymentPostprocessing = 0;
		};
		8A65B9F220CC747A00552D85 /* Sources */ = {
			isa = PBXSourcesBuildPhase;
			buildActionMask = 2147483647;
			files = (
				8A65BA1B20CD5DBF00552D85 /* DataReader.swift in Sources */,
				8A65B9FB20CC747A00552D85 /* fosdemTests.swift in Sources */,
				8A65BA1E20CD5E7B00552D85 /* Talk.swift in Sources */,
			);
			runOnlyForDeploymentPostprocessing = 0;
		};
		8A65B9FD20CC747A00552D85 /* Sources */ = {
			isa = PBXSourcesBuildPhase;
			buildActionMask = 2147483647;
			files = (
				8A65BA0620CC747A00552D85 /* fosdemUITests.swift in Sources */,
			);
			runOnlyForDeploymentPostprocessing = 0;
		};
/* End PBXSourcesBuildPhase section */

/* Begin PBXTargetDependency section */
		8A65B9F820CC747A00552D85 /* PBXTargetDependency */ = {
			isa = PBXTargetDependency;
			target = 8A65B9DF20CC747700552D85 /* fosdem */;
			targetProxy = 8A65B9F720CC747A00552D85 /* PBXContainerItemProxy */;
		};
		8A65BA0320CC747A00552D85 /* PBXTargetDependency */ = {
			isa = PBXTargetDependency;
			target = 8A65B9DF20CC747700552D85 /* fosdem */;
			targetProxy = 8A65BA0220CC747A00552D85 /* PBXContainerItemProxy */;
		};
/* End PBXTargetDependency section */

/* Begin PBXVariantGroup section */
		8A65B9E920CC747800552D85 /* Main.storyboard */ = {
			isa = PBXVariantGroup;
			children = (
				8A65B9EA20CC747800552D85 /* Base */,
			);
			name = Main.storyboard;
			sourceTree = "<group>";
		};
		8A65B9EE20CC747A00552D85 /* LaunchScreen.storyboard */ = {
			isa = PBXVariantGroup;
			children = (
				8A65B9EF20CC747A00552D85 /* Base */,
			);
			name = LaunchScreen.storyboard;
			sourceTree = "<group>";
		};
/* End PBXVariantGroup section */

/* Begin XCBuildConfiguration section */
		8A65BA0820CC747A00552D85 /* Debug */ = {
			isa = XCBuildConfiguration;
			buildSettings = {
				ALWAYS_SEARCH_USER_PATHS = NO;
				CLANG_ANALYZER_NONNULL = YES;
				CLANG_ANALYZER_NUMBER_OBJECT_CONVERSION = YES_AGGRESSIVE;
				CLANG_CXX_LANGUAGE_STANDARD = "gnu++14";
				CLANG_CXX_LIBRARY = "libc++";
				CLANG_ENABLE_MODULES = YES;
				CLANG_ENABLE_OBJC_ARC = YES;
				CLANG_ENABLE_OBJC_WEAK = YES;
				CLANG_WARN_BLOCK_CAPTURE_AUTORELEASING = YES;
				CLANG_WARN_BOOL_CONVERSION = YES;
				CLANG_WARN_COMMA = YES;
				CLANG_WARN_CONSTANT_CONVERSION = YES;
				CLANG_WARN_DEPRECATED_OBJC_IMPLEMENTATIONS = YES;
				CLANG_WARN_DIRECT_OBJC_ISA_USAGE = YES_ERROR;
				CLANG_WARN_DOCUMENTATION_COMMENTS = YES;
				CLANG_WARN_EMPTY_BODY = YES;
				CLANG_WARN_ENUM_CONVERSION = YES;
				CLANG_WARN_INFINITE_RECURSION = YES;
				CLANG_WARN_INT_CONVERSION = YES;
				CLANG_WARN_NON_LITERAL_NULL_CONVERSION = YES;
				CLANG_WARN_OBJC_IMPLICIT_RETAIN_SELF = YES;
				CLANG_WARN_OBJC_LITERAL_CONVERSION = YES;
				CLANG_WARN_OBJC_ROOT_CLASS = YES_ERROR;
				CLANG_WARN_RANGE_LOOP_ANALYSIS = YES;
				CLANG_WARN_STRICT_PROTOTYPES = YES;
				CLANG_WARN_SUSPICIOUS_MOVE = YES;
				CLANG_WARN_UNGUARDED_AVAILABILITY = YES_AGGRESSIVE;
				CLANG_WARN_UNREACHABLE_CODE = YES;
				CLANG_WARN__DUPLICATE_METHOD_MATCH = YES;
				CODE_SIGN_IDENTITY = "iPhone Developer";
				COPY_PHASE_STRIP = NO;
				DEBUG_INFORMATION_FORMAT = dwarf;
				ENABLE_STRICT_OBJC_MSGSEND = YES;
				ENABLE_TESTABILITY = YES;
				GCC_C_LANGUAGE_STANDARD = gnu11;
				GCC_DYNAMIC_NO_PIC = NO;
				GCC_NO_COMMON_BLOCKS = YES;
				GCC_OPTIMIZATION_LEVEL = 0;
				GCC_PREPROCESSOR_DEFINITIONS = (
					"DEBUG=1",
					"$(inherited)",
				);
				GCC_WARN_64_TO_32_BIT_CONVERSION = YES;
				GCC_WARN_ABOUT_RETURN_TYPE = YES_ERROR;
				GCC_WARN_UNDECLARED_SELECTOR = YES;
				GCC_WARN_UNINITIALIZED_AUTOS = YES_AGGRESSIVE;
				GCC_WARN_UNUSED_FUNCTION = YES;
				GCC_WARN_UNUSED_VARIABLE = YES;
				IPHONEOS_DEPLOYMENT_TARGET = 12.0;
				MTL_ENABLE_DEBUG_INFO = INCLUDE_SOURCE;
				ONLY_ACTIVE_ARCH = YES;
				SDKROOT = iphoneos;
				SWIFT_ACTIVE_COMPILATION_CONDITIONS = DEBUG;
				SWIFT_OPTIMIZATION_LEVEL = "-Onone";
			};
			name = Debug;
		};
		8A65BA0920CC747A00552D85 /* Release */ = {
			isa = XCBuildConfiguration;
			buildSettings = {
				ALWAYS_SEARCH_USER_PATHS = NO;
				CLANG_ANALYZER_NONNULL = YES;
				CLANG_ANALYZER_NUMBER_OBJECT_CONVERSION = YES_AGGRESSIVE;
				CLANG_CXX_LANGUAGE_STANDARD = "gnu++14";
				CLANG_CXX_LIBRARY = "libc++";
				CLANG_ENABLE_MODULES = YES;
				CLANG_ENABLE_OBJC_ARC = YES;
				CLANG_ENABLE_OBJC_WEAK = YES;
				CLANG_WARN_BLOCK_CAPTURE_AUTORELEASING = YES;
				CLANG_WARN_BOOL_CONVERSION = YES;
				CLANG_WARN_COMMA = YES;
				CLANG_WARN_CONSTANT_CONVERSION = YES;
				CLANG_WARN_DEPRECATED_OBJC_IMPLEMENTATIONS = YES;
				CLANG_WARN_DIRECT_OBJC_ISA_USAGE = YES_ERROR;
				CLANG_WARN_DOCUMENTATION_COMMENTS = YES;
				CLANG_WARN_EMPTY_BODY = YES;
				CLANG_WARN_ENUM_CONVERSION = YES;
				CLANG_WARN_INFINITE_RECURSION = YES;
				CLANG_WARN_INT_CONVERSION = YES;
				CLANG_WARN_NON_LITERAL_NULL_CONVERSION = YES;
				CLANG_WARN_OBJC_IMPLICIT_RETAIN_SELF = YES;
				CLANG_WARN_OBJC_LITERAL_CONVERSION = YES;
				CLANG_WARN_OBJC_ROOT_CLASS = YES_ERROR;
				CLANG_WARN_RANGE_LOOP_ANALYSIS = YES;
				CLANG_WARN_STRICT_PROTOTYPES = YES;
				CLANG_WARN_SUSPICIOUS_MOVE = YES;
				CLANG_WARN_UNGUARDED_AVAILABILITY = YES_AGGRESSIVE;
				CLANG_WARN_UNREACHABLE_CODE = YES;
				CLANG_WARN__DUPLICATE_METHOD_MATCH = YES;
				CODE_SIGN_IDENTITY = "iPhone Developer";
				COPY_PHASE_STRIP = NO;
				DEBUG_INFORMATION_FORMAT = "dwarf-with-dsym";
				ENABLE_NS_ASSERTIONS = NO;
				ENABLE_STRICT_OBJC_MSGSEND = YES;
				GCC_C_LANGUAGE_STANDARD = gnu11;
				GCC_NO_COMMON_BLOCKS = YES;
				GCC_WARN_64_TO_32_BIT_CONVERSION = YES;
				GCC_WARN_ABOUT_RETURN_TYPE = YES_ERROR;
				GCC_WARN_UNDECLARED_SELECTOR = YES;
				GCC_WARN_UNINITIALIZED_AUTOS = YES_AGGRESSIVE;
				GCC_WARN_UNUSED_FUNCTION = YES;
				GCC_WARN_UNUSED_VARIABLE = YES;
				IPHONEOS_DEPLOYMENT_TARGET = 12.0;
				MTL_ENABLE_DEBUG_INFO = NO;
				SDKROOT = iphoneos;
				SWIFT_COMPILATION_MODE = wholemodule;
				SWIFT_OPTIMIZATION_LEVEL = "-O";
				VALIDATE_PRODUCT = YES;
			};
			name = Release;
		};
		8A65BA0B20CC747A00552D85 /* Debug */ = {
			isa = XCBuildConfiguration;
			baseConfigurationReference = 5AA53B8576BEBDD18A56C73C /* Pods-fosdem.debug.xcconfig */;
			buildSettings = {
				ASSETCATALOG_COMPILER_APPICON_NAME = AppIcon;
				CODE_SIGN_STYLE = Automatic;
				DEVELOPMENT_TEAM = RZQ86SFFNS;
				INFOPLIST_FILE = fosdem/Info.plist;
				LD_RUNPATH_SEARCH_PATHS = (
					"$(inherited)",
					"@executable_path/Frameworks",
				);
				PRODUCT_BUNDLE_IDENTIFIER = com.hbrinj.fosdem;
				PRODUCT_NAME = "$(TARGET_NAME)";
				SWIFT_VERSION = 4.2;
				TARGETED_DEVICE_FAMILY = "1,2";
			};
			name = Debug;
		};
		8A65BA0C20CC747A00552D85 /* Release */ = {
			isa = XCBuildConfiguration;
			baseConfigurationReference = EF6BF638AC644CA3C19BCD9A /* Pods-fosdem.release.xcconfig */;
			buildSettings = {
				ASSETCATALOG_COMPILER_APPICON_NAME = AppIcon;
				CODE_SIGN_STYLE = Automatic;
				DEVELOPMENT_TEAM = RZQ86SFFNS;
				INFOPLIST_FILE = fosdem/Info.plist;
				LD_RUNPATH_SEARCH_PATHS = (
					"$(inherited)",
					"@executable_path/Frameworks",
				);
				PRODUCT_BUNDLE_IDENTIFIER = com.hbrinj.fosdem;
				PRODUCT_NAME = "$(TARGET_NAME)";
				SWIFT_VERSION = 4.2;
				TARGETED_DEVICE_FAMILY = "1,2";
			};
			name = Release;
		};
		8A65BA0E20CC747A00552D85 /* Debug */ = {
			isa = XCBuildConfiguration;
			baseConfigurationReference = D913E268EDDB23913AF9E178 /* Pods-fosdemTests.debug.xcconfig */;
			buildSettings = {
				ALWAYS_EMBED_SWIFT_STANDARD_LIBRARIES = YES;
				BUNDLE_LOADER = "$(TEST_HOST)";
				CODE_SIGN_STYLE = Automatic;
				DEVELOPMENT_TEAM = RZQ86SFFNS;
				INFOPLIST_FILE = fosdemTests/Info.plist;
				LD_RUNPATH_SEARCH_PATHS = (
					"$(inherited)",
					"@executable_path/Frameworks",
					"@loader_path/Frameworks",
				);
				PRODUCT_BUNDLE_IDENTIFIER = com.hbrinj.fosdemTests;
				PRODUCT_NAME = "$(TARGET_NAME)";
				SWIFT_VERSION = 4.2;
				TARGETED_DEVICE_FAMILY = "1,2";
				TEST_HOST = "$(BUILT_PRODUCTS_DIR)/fosdem.app/fosdem";
			};
			name = Debug;
		};
		8A65BA0F20CC747A00552D85 /* Release */ = {
			isa = XCBuildConfiguration;
			baseConfigurationReference = 63FE2379C2D3F7D161506283 /* Pods-fosdemTests.release.xcconfig */;
			buildSettings = {
				ALWAYS_EMBED_SWIFT_STANDARD_LIBRARIES = YES;
				BUNDLE_LOADER = "$(TEST_HOST)";
				CODE_SIGN_STYLE = Automatic;
				DEVELOPMENT_TEAM = RZQ86SFFNS;
				INFOPLIST_FILE = fosdemTests/Info.plist;
				LD_RUNPATH_SEARCH_PATHS = (
					"$(inherited)",
					"@executable_path/Frameworks",
					"@loader_path/Frameworks",
				);
				PRODUCT_BUNDLE_IDENTIFIER = com.hbrinj.fosdemTests;
				PRODUCT_NAME = "$(TARGET_NAME)";
				SWIFT_VERSION = 4.2;
				TARGETED_DEVICE_FAMILY = "1,2";
				TEST_HOST = "$(BUILT_PRODUCTS_DIR)/fosdem.app/fosdem";
			};
			name = Release;
		};
		8A65BA1120CC747A00552D85 /* Debug */ = {
			isa = XCBuildConfiguration;
			baseConfigurationReference = F3237D951382D7386CCD1E03 /* Pods-fosdemUITests.debug.xcconfig */;
			buildSettings = {
				ALWAYS_EMBED_SWIFT_STANDARD_LIBRARIES = YES;
				CODE_SIGN_STYLE = Automatic;
				DEVELOPMENT_TEAM = RZQ86SFFNS;
				INFOPLIST_FILE = fosdemUITests/Info.plist;
				LD_RUNPATH_SEARCH_PATHS = (
					"$(inherited)",
					"@executable_path/Frameworks",
					"@loader_path/Frameworks",
				);
				PRODUCT_BUNDLE_IDENTIFIER = com.hbrinj.fosdemUITests;
				PRODUCT_NAME = "$(TARGET_NAME)";
				SWIFT_VERSION = 4.2;
				TARGETED_DEVICE_FAMILY = "1,2";
				TEST_TARGET_NAME = fosdem;
			};
			name = Debug;
		};
		8A65BA1220CC747A00552D85 /* Release */ = {
			isa = XCBuildConfiguration;
			baseConfigurationReference = E1AAD3D25496BB86B66E1814 /* Pods-fosdemUITests.release.xcconfig */;
			buildSettings = {
				ALWAYS_EMBED_SWIFT_STANDARD_LIBRARIES = YES;
				CODE_SIGN_STYLE = Automatic;
				DEVELOPMENT_TEAM = RZQ86SFFNS;
				INFOPLIST_FILE = fosdemUITests/Info.plist;
				LD_RUNPATH_SEARCH_PATHS = (
					"$(inherited)",
					"@executable_path/Frameworks",
					"@loader_path/Frameworks",
				);
				PRODUCT_BUNDLE_IDENTIFIER = com.hbrinj.fosdemUITests;
				PRODUCT_NAME = "$(TARGET_NAME)";
				SWIFT_VERSION = 4.2;
				TARGETED_DEVICE_FAMILY = "1,2";
				TEST_TARGET_NAME = fosdem;
			};
			name = Release;
		};
/* End XCBuildConfiguration section */

/* Begin XCConfigurationList section */
		8A65B9DB20CC747700552D85 /* Build configuration list for PBXProject "fosdem" */ = {
			isa = XCConfigurationList;
			buildConfigurations = (
				8A65BA0820CC747A00552D85 /* Debug */,
				8A65BA0920CC747A00552D85 /* Release */,
			);
			defaultConfigurationIsVisible = 0;
			defaultConfigurationName = Release;
		};
		8A65BA0A20CC747A00552D85 /* Build configuration list for PBXNativeTarget "fosdem" */ = {
			isa = XCConfigurationList;
			buildConfigurations = (
				8A65BA0B20CC747A00552D85 /* Debug */,
				8A65BA0C20CC747A00552D85 /* Release */,
			);
			defaultConfigurationIsVisible = 0;
			defaultConfigurationName = Release;
		};
		8A65BA0D20CC747A00552D85 /* Build configuration list for PBXNativeTarget "fosdemTests" */ = {
			isa = XCConfigurationList;
			buildConfigurations = (
				8A65BA0E20CC747A00552D85 /* Debug */,
				8A65BA0F20CC747A00552D85 /* Release */,
			);
			defaultConfigurationIsVisible = 0;
			defaultConfigurationName = Release;
		};
		8A65BA1020CC747A00552D85 /* Build configuration list for PBXNativeTarget "fosdemUITests" */ = {
			isa = XCConfigurationList;
			buildConfigurations = (
				8A65BA1120CC747A00552D85 /* Debug */,
				8A65BA1220CC747A00552D85 /* Release */,
			);
			defaultConfigurationIsVisible = 0;
			defaultConfigurationName = Release;
		};
/* End XCConfigurationList section */
	};
	rootObject = 8A65B9D820CC747700552D85 /* Project object */;
}
